
Microsoft Visual Studio Solution File, Format Version 12.00
# Visual Studio Version 16
VisualStudioVersion = 16.0.29306.81
MinimumVisualStudioVersion = 10.0.40219.1
Project("{2150E333-8FDC-42A3-9474-1A3956D46DE8}") = "Microservices", "Microservices", "{415716C1-0AFB-42D8-9770-11ABABF2FE62}"
EndProject
Project("{2150E333-8FDC-42A3-9474-1A3956D46DE8}") = "Domain", "Domain", "{AFCC5D62-C974-4A4F-A1E9-684E733D98D7}"
EndProject
Project("{2150E333-8FDC-42A3-9474-1A3956D46DE8}") = "Infra.Bus", "Infra.Bus", "{50CC2C1C-F0E2-4527-A964-782EE334109F}"
EndProject
Project("{2150E333-8FDC-42A3-9474-1A3956D46DE8}") = "Infra.IoC", "Infra.IoC", "{8B46AC00-C0EA-449A-9EC2-6278793340D3}"
EndProject
Project("{2150E333-8FDC-42A3-9474-1A3956D46DE8}") = "Presentation", "Presentation", "{BD223F18-AE82-4D00-A33D-DFA04FE7D300}"
EndProject
Project("{FAE04EC0-301F-11D3-BF4B-00C04F79EFBC}") = "MicroRabbit.Domain.Core", "MicroRabbit.Domain.Core\MicroRabbit.Domain.Core.csproj", "{DEC32E79-3832-464C-91E1-564269231DD9}"
EndProject
Project("{FAE04EC0-301F-11D3-BF4B-00C04F79EFBC}") = "MicroRabbit.Infra.Bus", "MicroRabbit.Infra.Bus\MicroRabbit.Infra.Bus.csproj", "{D0F56364-7B84-4ADD-B41F-B1B938029336}"
EndProject
Project("{FAE04EC0-301F-11D3-BF4B-00C04F79EFBC}") = "MicroRabbit.Infra.IoC", "MicroRabbit.Infra.IoC\MicroRabbit.Infra.IoC.csproj", "{AFEE9A84-F0DD-474F-BC76-E177E297458A}"
EndProject
Global
	GlobalSection(SolutionConfigurationPlatforms) = preSolution
		Debug|Any CPU = Debug|Any CPU
		Release|Any CPU = Release|Any CPU
	EndGlobalSection
	GlobalSection(ProjectConfigurationPlatforms) = postSolution
		{DEC32E79-3832-464C-91E1-564269231DD9}.Debug|Any CPU.ActiveCfg = Debug|Any CPU
		{DEC32E79-3832-464C-91E1-564269231DD9}.Debug|Any CPU.Build.0 = Debug|Any CPU
		{DEC32E79-3832-464C-91E1-564269231DD9}.Release|Any CPU.ActiveCfg = Release|Any CPU
		{DEC32E79-3832-464C-91E1-564269231DD9}.Release|Any CPU.Build.0 = Release|Any CPU
		{D0F56364-7B84-4ADD-B41F-B1B938029336}.Debug|Any CPU.ActiveCfg = Debug|Any CPU
		{D0F56364-7B84-4ADD-B41F-B1B938029336}.Debug|Any CPU.Build.0 = Debug|Any CPU
		{D0F56364-7B84-4ADD-B41F-B1B938029336}.Release|Any CPU.ActiveCfg = Release|Any CPU
		{D0F56364-7B84-4ADD-B41F-B1B938029336}.Release|Any CPU.Build.0 = Release|Any CPU
		{AFEE9A84-F0DD-474F-BC76-E177E297458A}.Debug|Any CPU.ActiveCfg = Debug|Any CPU
		{AFEE9A84-F0DD-474F-BC76-E177E297458A}.Debug|Any CPU.Build.0 = Debug|Any CPU
		{AFEE9A84-F0DD-474F-BC76-E177E297458A}.Release|Any CPU.ActiveCfg = Release|Any CPU
		{AFEE9A84-F0DD-474F-BC76-E177E297458A}.Release|Any CPU.Build.0 = Release|Any CPU
	EndGlobalSection
	GlobalSection(SolutionProperties) = preSolution
		HideSolutionNode = FALSE
	EndGlobalSection
	GlobalSection(NestedProjects) = preSolution
		{DEC32E79-3832-464C-91E1-564269231DD9} = {AFCC5D62-C974-4A4F-A1E9-684E733D98D7}
		{D0F56364-7B84-4ADD-B41F-B1B938029336} = {50CC2C1C-F0E2-4527-A964-782EE334109F}
		{AFEE9A84-F0DD-474F-BC76-E177E297458A} = {8B46AC00-C0EA-449A-9EC2-6278793340D3}
	EndGlobalSection
	GlobalSection(ExtensibilityGlobals) = postSolution
		SolutionGuid = {ABBE3D4F-2322-4BC2-B3FE-E98E082E25FA}
	EndGlobalSection
EndGlobal
